PODS:
  - Capacitor (6.2.1):
    - CapacitorCordova
  - CapacitorCordova (6.2.1)
  - CapacitorDevice (6.0.3):
    - Capacitor
  - StayLiquid (0.1.0):
    - Capacitor (>= 6.0.0)

DEPENDENCIES:
  - "Capacitor (from `../../node_modules/@capacitor/ios`)"
  - "CapacitorCordova (from `../../node_modules/@capacitor/ios`)"
  - "CapacitorDevice (from `../../node_modules/@capacitor/device`)"
  - StayLiquid (from `../../..`)

EXTERNAL SOURCES:
  Capacitor:
    :path: "../../node_modules/@capacitor/ios"
  CapacitorCordova:
    :path: "../../node_modules/@capacitor/ios"
  CapacitorDevice:
    :path: "../../node_modules/@capacitor/device"
  StayLiquid:
    :path: "../../.."

SPEC CHECKSUMS:
  Capacitor: c95400d761e376be9da6be5a05f226c0e865cebf
  CapacitorCordova: 8d93e14982f440181be7304aa9559ca631d77fff
  CapacitorDevice: 3ec44d26b51986119a1987fad1253609d5aacb68
  StayLiquid: dac4b6cd7761472754f97d367ba4651ca79fcd2e

PODFILE CHECKSUM: 993478e53984e13d53ba2f6901e484f261232734

COCOAPODS: 1.16.2
